// !$*UTF8*$!
{
	archiveVersion = 1;
	classes = {
	};
	objectVersion = 50;
	objects = {

/* Begin PBXBuildFile section */
		6F3733662258B42500FCF260 /* AppDelegate.swift in Sources */ = {isa = PBXBuildFile; fileRef = 6F3733652258B42500FCF260 /* AppDelegate.swift */; };
		6F3733682258B42500FCF260 /* ViewController.swift in Sources */ = {isa = PBXBuildFile; fileRef = 6F3733672258B42500FCF260 /* ViewController.swift */; };
		6F37336B2258B42500FCF260 /* Main.storyboard in Resources */ = {isa = PBXBuildFile; fileRef = 6F3733692258B42500FCF260 /* Main.storyboard */; };
		6F37336D2258B42600FCF260 /* Assets.xcassets in Resources */ = {isa = PBXBuildFile; fileRef = 6F37336C2258B42600FCF260 /* Assets.xcassets */; };
		6F3733702258B42600FCF260 /* LaunchScreen.storyboard in Resources */ = {isa = PBXBuildFile; fileRef = 6F37336E2258B42600FCF260 /* LaunchScreen.storyboard */; };
		6F37337B2258B42600FCF260 /* raou_diningTests.swift in Sources */ = {isa = PBXBuildFile; fileRef = 6F37337A2258B42600FCF260 /* raou_diningTests.swift */; };
		6F3733862258B42600FCF260 /* raou_diningUITests.swift in Sources */ = {isa = PBXBuildFile; fileRef = 6F3733852258B42600FCF260 /* raou_diningUITests.swift */; };
/* End PBXBuildFile section */

/* Begin PBXContainerItemProxy section */
		6F3733772258B42600FCF260 /* PBXContainerItemProxy */ = {
			isa = PBXContainerItemProxy;
			containerPortal = 6F37335A2258B42400FCF260 /* Project object */;
			proxyType = 1;
			remoteGlobalIDString = 6F3733612258B42400FCF260;
			remoteInfo = raou_dining;
		};
		6F3733822258B42600FCF260 /* PBXContainerItemProxy */ = {
			isa = PBXContainerItemProxy;
			containerPortal = 6F37335A2258B42400FCF260 /* Project object */;
			proxyType = 1;
			remoteGlobalIDString = 6F3733612258B42400FCF260;
			remoteInfo = raou_dining;
		};
/* End PBXContainerItemProxy section */

/* Begin PBXFileReference section */
		6F3733622258B42500FCF260 /* raou_dining.app */ = {isa = PBXFileReference; explicitFileType = wrapper.application; includeInIndex = 0; path = raou_dining.app; sourceTree = BUILT_PRODUCTS_DIR; };
		6F3733652258B42500FCF260 /* AppDelegate.swift */ = {isa = PBXFileReference; lastKnownFileType = sourcecode.swift; path = AppDelegate.swift; sourceTree = "<group>"; };
		6F3733672258B42500FCF260 /* ViewController.swift */ = {isa = PBXFileReference; lastKnownFileType = sourcecode.swift; path = ViewController.swift; sourceTree = "<group>"; };
		6F37336A2258B42500FCF260 /* Base */ = {isa = PBXFileReference; lastKnownFileType = file.storyboard; name = Base; path = Base.lproj/Main.storyboard; sourceTree = "<group>"; };
		6F37336C2258B42600FCF260 /* Assets.xcassets */ = {isa = PBXFileReference; lastKnownFileType = folder.assetcatalog; path = Assets.xcassets; sourceTree = "<group>"; };
		6F37336F2258B42600FCF260 /* Base */ = {isa = PBXFileReference; lastKnownFileType = file.storyboard; name = Base; path = Base.lproj/LaunchScreen.storyboard; sourceTree = "<group>"; };
		6F3733712258B42600FCF260 /* Info.plist */ = {isa = PBXFileReference; lastKnownFileType = text.plist.xml; path = Info.plist; sourceTree = "<group>"; };
		6F3733762258B42600FCF260 /* raou_diningTests.xctest */ = {isa = PBXFileReference; explicitFileType = wrapper.cfbundle; includeInIndex = 0; path = raou_diningTests.xctest; sourceTree = BUILT_PRODUCTS_DIR; };
		6F37337A2258B42600FCF260 /* raou_diningTests.swift */ = {isa = PBXFileReference; lastKnownFileType = sourcecode.swift; path = raou_diningTests.swift; sourceTree = "<group>"; };
		6F37337C2258B42600FCF260 /* Info.plist */ = {isa = PBXFileReference; lastKnownFileType = text.plist.xml; path = Info.plist; sourceTree = "<group>"; };
		6F3733812258B42600FCF260 /* raou_diningUITests.xctest */ = {isa = PBXFileReference; explicitFileType = wrapper.cfbundle; includeInIndex = 0; path = raou_diningUITests.xctest; sourceTree = BUILT_PRODUCTS_DIR; };
		6F3733852258B42600FCF260 /* raou_diningUITests.swift */ = {isa = PBXFileReference; lastKnownFileType = sourcecode.swift; path = raou_diningUITests.swift; sourceTree = "<group>"; };
		6F3733872258B42600FCF260 /* Info.plist */ = {isa = PBXFileReference; lastKnownFileType = text.plist.xml; path = Info.plist; sourceTree = "<group>"; };
/* End PBXFileReference section */

/* Begin PBXFrameworksBuildPhase section */
		6F37335F2258B42400FCF260 /* Frameworks */ = {
			isa = PBXFrameworksBuildPhase;
			buildActionMask = 2147483647;
			files = (
			);
			runOnlyForDeploymentPostprocessing = 0;
		};
		6F3733732258B42600FCF260 /* Frameworks */ = {
			isa = PBXFrameworksBuildPhase;
			buildActionMask = 2147483647;
			files = (
			);
			runOnlyForDeploymentPostprocessing = 0;
		};
		6F37337E2258B42600FCF260 /* Frameworks */ = {
			isa = PBXFrameworksBuildPhase;
			buildActionMask = 2147483647;
			files = (
			);
			runOnlyForDeploymentPostprocessing = 0;
		};
/* End PBXFrameworksBuildPhase section */

/* Begin PBXGroup section */
		6F3733592258B42400FCF260 = {
			isa = PBXGroup;
			children = (
				6F3733642258B42500FCF260 /* raou_dining */,
				6F3733792258B42600FCF260 /* raou_diningTests */,
				6F3733842258B42600FCF260 /* raou_diningUITests */,
				6F3733632258B42500FCF260 /* Products */,
			);
			sourceTree = "<group>";
		};
		6F3733632258B42500FCF260 /* Products */ = {
			isa = PBXGroup;
			children = (
				6F3733622258B42500FCF260 /* raou_dining.app */,
				6F3733762258B42600FCF260 /* raou_diningTests.xctest */,
				6F3733812258B42600FCF260 /* raou_diningUITests.xctest */,
			);
			name = Products;
			sourceTree = "<group>";
		};
		6F3733642258B42500FCF260 /* raou_dining */ = {
			isa = PBXGroup;
			children = (
				6F3733652258B42500FCF260 /* AppDelegate.swift */,
				6F3733672258B42500FCF260 /* ViewController.swift */,
				6F3733692258B42500FCF260 /* Main.storyboard */,
				6F37336C2258B42600FCF260 /* Assets.xcassets */,
				6F37336E2258B42600FCF260 /* LaunchScreen.storyboard */,
				6F3733712258B42600FCF260 /* Info.plist */,
			);
			path = raou_dining;
			sourceTree = "<group>";
		};
		6F3733792258B42600FCF260 /* raou_diningTests */ = {
			isa = PBXGroup;
			children = (
				6F37337A2258B42600FCF260 /* raou_diningTests.swift */,
				6F37337C2258B42600FCF260 /* Info.plist */,
			);
			path = raou_diningTests;
			sourceTree = "<group>";
		};
		6F3733842258B42600FCF260 /* raou_diningUITests */ = {
			isa = PBXGroup;
			children = (
				6F3733852258B42600FCF260 /* raou_diningUITests.swift */,
				6F3733872258B42600FCF260 /* Info.plist */,
			);
			path = raou_diningUITests;
			sourceTree = "<group>";
		};
/* End PBXGroup section */

/* Begin PBXNativeTarget section */
		6F3733612258B42400FCF260 /* raou_dining */ = {
			isa = PBXNativeTarget;
			buildConfigurationList = 6F37338A2258B42600FCF260 /* Build configuration list for PBXNativeTarget "raou_dining" */;
			buildPhases = (
				6F37335E2258B42400FCF260 /* Sources */,
				6F37335F2258B42400FCF260 /* Frameworks */,
				6F3733602258B42400FCF260 /* Resources */,
			);
			buildRules = (
			);
			dependencies = (
			);
			name = raou_dining;
			productName = raou_dining;
			productReference = 6F3733622258B42500FCF260 /* raou_dining.app */;
			productType = "com.apple.product-type.application";
		};
		6F3733752258B42600FCF260 /* raou_diningTests */ = {
			isa = PBXNativeTarget;
			buildConfigurationList = 6F37338D2258B42600FCF260 /* Build configuration list for PBXNativeTarget "raou_diningTests" */;
			buildPhases = (
				6F3733722258B42600FCF260 /* Sources */,
				6F3733732258B42600FCF260 /* Frameworks */,
				6F3733742258B42600FCF260 /* Resources */,
			);
			buildRules = (
			);
			dependencies = (
				6F3733782258B42600FCF260 /* PBXTargetDependency */,
			);
			name = raou_diningTests;
			productName = raou_diningTests;
			productReference = 6F3733762258B42600FCF260 /* raou_diningTests.xctest */;
			productType = "com.apple.product-type.bundle.unit-test";
		};
		6F3733802258B42600FCF260 /* raou_diningUITests */ = {
			isa = PBXNativeTarget;
			buildConfigurationList = 6F3733902258B42600FCF260 /* Build configuration list for PBXNativeTarget "raou_diningUITests" */;
			buildPhases = (
				6F37337D2258B42600FCF260 /* Sources */,
				6F37337E2258B42600FCF260 /* Frameworks */,
				6F37337F2258B42600FCF260 /* Resources */,
			);
			buildRules = (
			);
			dependencies = (
				6F3733832258B42600FCF260 /* PBXTargetDependency */,
			);
			name = raou_diningUITests;
			productName = raou_diningUITests;
			productReference = 6F3733812258B42600FCF260 /* raou_diningUITests.xctest */;
			productType = "com.apple.product-type.bundle.ui-testing";
		};
/* End PBXNativeTarget section */

/* Begin PBXProject section */
		6F37335A2258B42400FCF260 /* Project object */ = {
			isa = PBXProject;
			attributes = {
				LastSwiftUpdateCheck = 1020;
				LastUpgradeCheck = 1020;
				ORGANIZATIONNAME = "松本貴大";
				TargetAttributes = {
					6F3733612258B42400FCF260 = {
						CreatedOnToolsVersion = 10.2;
					};
					6F3733752258B42600FCF260 = {
						CreatedOnToolsVersion = 10.2;
						TestTargetID = 6F3733612258B42400FCF260;
					};
					6F3733802258B42600FCF260 = {
						CreatedOnToolsVersion = 10.2;
						TestTargetID = 6F3733612258B42400FCF260;
					};
				};
			};
			buildConfigurationList = 6F37335D2258B42400FCF260 /* Build configuration list for PBXProject "raou_dining" */;
			compatibilityVersion = "Xcode 9.3";
			developmentRegion = en;
			hasScannedForEncodings = 0;
			knownRegions = (
				en,
				Base,
			);
			mainGroup = 6F3733592258B42400FCF260;
			productRefGroup = 6F3733632258B42500FCF260 /* Products */;
			projectDirPath = "";
			projectRoot = "";
			targets = (
				6F3733612258B42400FCF260 /* raou_dining */,
				6F3733752258B42600FCF260 /* raou_diningTests */,
				6F3733802258B42600FCF260 /* raou_diningUITests */,
			);
		};
/* End PBXProject section */

/* Begin PBXResourcesBuildPhase section */
		6F3733602258B42400FCF260 /* Resources */ = {
			isa = PBXResourcesBuildPhase;
			buildActionMask = 2147483647;
			files = (
				6F3733702258B42600FCF260 /* LaunchScreen.storyboard in Resources */,
				6F37336D2258B42600FCF260 /* Assets.xcassets in Resources */,
				6F37336B2258B42500FCF260 /* Main.storyboard in Resources */,
			);
			runOnlyForDeploymentPostprocessing = 0;
		};
		6F3733742258B42600FCF260 /* Resources */ = {
			isa = PBXResourcesBuildPhase;
			buildActionMask = 2147483647;
			files = (
			);
			runOnlyForDeploymentPostprocessing = 0;
		};
		6F37337F2258B42600FCF260 /* Resources */ = {
			isa = PBXResourcesBuildPhase;
			buildActionMask = 2147483647;
			files = (
			);
			runOnlyForDeploymentPostprocessing = 0;
		};
/* End PBXResourcesBuildPhase section */

/* Begin PBXSourcesBuildPhase section */
		6F37335E2258B42400FCF260 /* Sources */ = {
			isa = PBXSourcesBuildPhase;
			buildActionMask = 2147483647;
			files = (
				6F3733682258B42500FCF260 /* ViewController.swift in Sources */,
				6F3733662258B42500FCF260 /* AppDelegate.swift in Sources */,
			);
			runOnlyForDeploymentPostprocessing = 0;
		};
		6F3733722258B42600FCF260 /* Sources */ = {
			isa = PBXSourcesBuildPhase;
			buildActionMask = 2147483647;
			files = (
				6F37337B2258B42600FCF260 /* raou_diningTests.swift in Sources */,
			);
			runOnlyForDeploymentPostprocessing = 0;
		};
		6F37337D2258B42600FCF260 /* Sources */ = {
			isa = PBXSourcesBuildPhase;
			buildActionMask = 2147483647;
			files = (
				6F3733862258B42600FCF260 /* raou_diningUITests.swift in Sources */,
			);
			runOnlyForDeploymentPostprocessing = 0;
		};
/* End PBXSourcesBuildPhase section */

/* Begin PBXTargetDependency section */
		6F3733782258B42600FCF260 /* PBXTargetDependency */ = {
			isa = PBXTargetDependency;
			target = 6F3733612258B42400FCF260 /* raou_dining */;
			targetProxy = 6F3733772258B42600FCF260 /* PBXContainerItemProxy */;
		};
		6F3733832258B42600FCF260 /* PBXTargetDependency */ = {
			isa = PBXTargetDependency;
			target = 6F3733612258B42400FCF260 /* raou_dining */;
			targetProxy = 6F3733822258B42600FCF260 /* PBXContainerItemProxy */;
		};
/* End PBXTargetDependency section */

/* Begin PBXVariantGroup section */
		6F3733692258B42500FCF260 /* Main.storyboard */ = {
			isa = PBXVariantGroup;
			children = (
				6F37336A2258B42500FCF260 /* Base */,
			);
			name = Main.storyboard;
			sourceTree = "<group>";
		};
		6F37336E2258B42600FCF260 /* LaunchScreen.storyboard */ = {
			isa = PBXVariantGroup;
			children = (
				6F37336F2258B42600FCF260 /* Base */,
			);
			name = LaunchScreen.storyboard;
			sourceTree = "<group>";
		};
/* End PBXVariantGroup section */

/* Begin XCBuildConfiguration section */
		6F3733882258B42600FCF260 /* Debug */ = {
			isa = XCBuildConfiguration;
			buildSettings = {
				ALWAYS_SEARCH_USER_PATHS = NO;
				CLANG_ANALYZER_NONNULL = YES;
				CLANG_ANALYZER_NUMBER_OBJECT_CONVERSION = YES_AGGRESSIVE;
				CLANG_CXX_LANGUAGE_STANDARD = "gnu++14";
				CLANG_CXX_LIBRARY = "libc++";
				CLANG_ENABLE_MODULES = YES;
				CLANG_ENABLE_OBJC_ARC = YES;
				CLANG_ENABLE_OBJC_WEAK = YES;
				CLANG_WARN_BLOCK_CAPTURE_AUTORELEASING = YES;
				CLANG_WARN_BOOL_CONVERSION = YES;
				CLANG_WARN_COMMA = YES;
				CLANG_WARN_CONSTANT_CONVERSION = YES;
				CLANG_WARN_DEPRECATED_OBJC_IMPLEMENTATIONS = YES;
				CLANG_WARN_DIRECT_OBJC_ISA_USAGE = YES_ERROR;
				CLANG_WARN_DOCUMENTATION_COMMENTS = YES;
				CLANG_WARN_EMPTY_BODY = YES;
				CLANG_WARN_ENUM_CONVERSION = YES;
				CLANG_WARN_INFINITE_RECURSION = YES;
				CLANG_WARN_INT_CONVERSION = YES;
				CLANG_WARN_NON_LITERAL_NULL_CONVERSION = YES;
				CLANG_WARN_OBJC_IMPLICIT_RETAIN_SELF = YES;
				CLANG_WARN_OBJC_LITERAL_CONVERSION = YES;
				CLANG_WARN_OBJC_ROOT_CLASS = YES_ERROR;
				CLANG_WARN_RANGE_LOOP_ANALYSIS = YES;
				CLANG_WARN_STRICT_PROTOTYPES = YES;
				CLANG_WARN_SUSPICIOUS_MOVE = YES;
				CLANG_WARN_UNGUARDED_AVAILABILITY = YES_AGGRESSIVE;
				CLANG_WARN_UNREACHABLE_CODE = YES;
				CLANG_WARN__DUPLICATE_METHOD_MATCH = YES;
				CODE_SIGN_IDENTITY = "iPhone Developer";
				COPY_PHASE_STRIP = NO;
				DEBUG_INFORMATION_FORMAT = dwarf;
				ENABLE_STRICT_OBJC_MSGSEND = YES;
				ENABLE_TESTABILITY = YES;
				GCC_C_LANGUAGE_STANDARD = gnu11;
				GCC_DYNAMIC_NO_PIC = NO;
				GCC_NO_COMMON_BLOCKS = YES;
				GCC_OPTIMIZATION_LEVEL = 0;
				GCC_PREPROCESSOR_DEFINITIONS = (
					"DEBUG=1",
					"$(inherited)",
				);
				GCC_WARN_64_TO_32_BIT_CONVERSION = YES;
				GCC_WARN_ABOUT_RETURN_TYPE = YES_ERROR;
				GCC_WARN_UNDECLARED_SELECTOR = YES;
				GCC_WARN_UNINITIALIZED_AUTOS = YES_AGGRESSIVE;
				GCC_WARN_UNUSED_FUNCTION = YES;
				GCC_WARN_UNUSED_VARIABLE = YES;
				IPHONEOS_DEPLOYMENT_TARGET = 12.2;
				MTL_ENABLE_DEBUG_INFO = INCLUDE_SOURCE;
				MTL_FAST_MATH = YES;
				ONLY_ACTIVE_ARCH = YES;
				SDKROOT = iphoneos;
				SWIFT_ACTIVE_COMPILATION_CONDITIONS = DEBUG;
				SWIFT_OPTIMIZATION_LEVEL = "-Onone";
			};
			name = Debug;
		};
		6F3733892258B42600FCF260 /* Release */ = {
			isa = XCBuildConfiguration;
			buildSettings = {
				ALWAYS_SEARCH_USER_PATHS = NO;
				CLANG_ANALYZER_NONNULL = YES;
				CLANG_ANALYZER_NUMBER_OBJECT_CONVERSION = YES_AGGRESSIVE;
				CLANG_CXX_LANGUAGE_STANDARD = "gnu++14";
				CLANG_CXX_LIBRARY = "libc++";
				CLANG_ENABLE_MODULES = YES;
				CLANG_ENABLE_OBJC_ARC = YES;
				CLANG_ENABLE_OBJC_WEAK = YES;
				CLANG_WARN_BLOCK_CAPTURE_AUTORELEASING = YES;
				CLANG_WARN_BOOL_CONVERSION = YES;
				CLANG_WARN_COMMA = YES;
				CLANG_WARN_CONSTANT_CONVERSION = YES;
				CLANG_WARN_DEPRECATED_OBJC_IMPLEMENTATIONS = YES;
				CLANG_WARN_DIRECT_OBJC_ISA_USAGE = YES_ERROR;
				CLANG_WARN_DOCUMENTATION_COMMENTS = YES;
				CLANG_WARN_EMPTY_BODY = YES;
				CLANG_WARN_ENUM_CONVERSION = YES;
				CLANG_WARN_INFINITE_RECURSION = YES;
				CLANG_WARN_INT_CONVERSION = YES;
				CLANG_WARN_NON_LITERAL_NULL_CONVERSION = YES;
				CLANG_WARN_OBJC_IMPLICIT_RETAIN_SELF = YES;
				CLANG_WARN_OBJC_LITERAL_CONVERSION = YES;
				CLANG_WARN_OBJC_ROOT_CLASS = YES_ERROR;
				CLANG_WARN_RANGE_LOOP_ANALYSIS = YES;
				CLANG_WARN_STRICT_PROTOTYPES = YES;
				CLANG_WARN_SUSPICIOUS_MOVE = YES;
				CLANG_WARN_UNGUARDED_AVAILABILITY = YES_AGGRESSIVE;
				CLANG_WARN_UNREACHABLE_CODE = YES;
				CLANG_WARN__DUPLICATE_METHOD_MATCH = YES;
				CODE_SIGN_IDENTITY = "iPhone Developer";
				COPY_PHASE_STRIP = NO;
				DEBUG_INFORMATION_FORMAT = "dwarf-with-dsym";
				ENABLE_NS_ASSERTIONS = NO;
				ENABLE_STRICT_OBJC_MSGSEND = YES;
				GCC_C_LANGUAGE_STANDARD = gnu11;
				GCC_NO_COMMON_BLOCKS = YES;
				GCC_WARN_64_TO_32_BIT_CONVERSION = YES;
				GCC_WARN_ABOUT_RETURN_TYPE = YES_ERROR;
				GCC_WARN_UNDECLARED_SELECTOR = YES;
				GCC_WARN_UNINITIALIZED_AUTOS = YES_AGGRESSIVE;
				GCC_WARN_UNUSED_FUNCTION = YES;
				GCC_WARN_UNUSED_VARIABLE = YES;
				IPHONEOS_DEPLOYMENT_TARGET = 12.2;
				MTL_ENABLE_DEBUG_INFO = NO;
				MTL_FAST_MATH = YES;
				SDKROOT = iphoneos;
				SWIFT_COMPILATION_MODE = wholemodule;
				SWIFT_OPTIMIZATION_LEVEL = "-O";
				VALIDATE_PRODUCT = YES;
			};
			name = Release;
		};
		6F37338B2258B42600FCF260 /* Debug */ = {
			isa = XCBuildConfiguration;
			buildSettings = {
				ASSETCATALOG_COMPILER_APPICON_NAME = AppIcon;
				CODE_SIGN_STYLE = Automatic;
				INFOPLIST_FILE = raou_dining/Info.plist;
				LD_RUNPATH_SEARCH_PATHS = (
					"$(inherited)",
					"@executable_path/Frameworks",
				);
				PRODUCT_BUNDLE_IDENTIFIER = "raou-team.raou-dining";
				PRODUCT_NAME = "$(TARGET_NAME)";
				SWIFT_VERSION = 5.0;
				TARGETED_DEVICE_FAMILY = "1,2";
			};
			name = Debug;
		};
		6F37338C2258B42600FCF260 /* Release */ = {
			isa = XCBuildConfiguration;
			buildSettings = {
				ASSETCATALOG_COMPILER_APPICON_NAME = AppIcon;
				CODE_SIGN_STYLE = Automatic;
				INFOPLIST_FILE = raou_dining/Info.plist;
				LD_RUNPATH_SEARCH_PATHS = (
					"$(inherited)",
					"@executable_path/Frameworks",
				);
				PRODUCT_BUNDLE_IDENTIFIER = "raou-team.raou-dining";
				PRODUCT_NAME = "$(TARGET_NAME)";
				SWIFT_VERSION = 5.0;
				TARGETED_DEVICE_FAMILY = "1,2";
			};
			name = Release;
		};
		6F37338E2258B42600FCF260 /* Debug */ = {
			isa = XCBuildConfiguration;
			buildSettings = {
				ALWAYS_EMBED_SWIFT_STANDARD_LIBRARIES = YES;
				BUNDLE_LOADER = "$(TEST_HOST)";
				CODE_SIGN_STYLE = Automatic;
				INFOPLIST_FILE = raou_diningTests/Info.plist;
				LD_RUNPATH_SEARCH_PATHS = (
					"$(inherited)",
					"@executable_path/Frameworks",
					"@loader_path/Frameworks",
				);
				PRODUCT_BUNDLE_IDENTIFIER = "raou-team.raou-diningTests";
				PRODUCT_NAME = "$(TARGET_NAME)";
				SWIFT_VERSION = 5.0;
				TARGETED_DEVICE_FAMILY = "1,2";
				TEST_HOST = "$(BUILT_PRODUCTS_DIR)/raou_dining.app/raou_dining";
			};
			name = Debug;
		};
		6F37338F2258B42600FCF260 /* Release */ = {
			isa = XCBuildConfiguration;
			buildSettings = {
				ALWAYS_EMBED_SWIFT_STANDARD_LIBRARIES = YES;
				BUNDLE_LOADER = "$(TEST_HOST)";
				CODE_SIGN_STYLE = Automatic;
				INFOPLIST_FILE = raou_diningTests/Info.plist;
				LD_RUNPATH_SEARCH_PATHS = (
					"$(inherited)",
					"@executable_path/Frameworks",
					"@loader_path/Frameworks",
				);
				PRODUCT_BUNDLE_IDENTIFIER = "raou-team.raou-diningTests";
				PRODUCT_NAME = "$(TARGET_NAME)";
				SWIFT_VERSION = 5.0;
				TARGETED_DEVICE_FAMILY = "1,2";
				TEST_HOST = "$(BUILT_PRODUCTS_DIR)/raou_dining.app/raou_dining";
			};
			name = Release;
		};
		6F3733912258B42600FCF260 /* Debug */ = {
			isa = XCBuildConfiguration;
			buildSettings = {
				ALWAYS_EMBED_SWIFT_STANDARD_LIBRARIES = YES;
				CODE_SIGN_STYLE = Automatic;
				INFOPLIST_FILE = raou_diningUITests/Info.plist;
				LD_RUNPATH_SEARCH_PATHS = (
					"$(inherited)",
					"@executable_path/Frameworks",
					"@loader_path/Frameworks",
				);
				PRODUCT_BUNDLE_IDENTIFIER = "raou-team.raou-diningUITests";
				PRODUCT_NAME = "$(TARGET_NAME)";
				SWIFT_VERSION = 5.0;
				TARGETED_DEVICE_FAMILY = "1,2";
				TEST_TARGET_NAME = raou_dining;
			};
			name = Debug;
		};
		6F3733922258B42600FCF260 /* Release */ = {
			isa = XCBuildConfiguration;
			buildSettings = {
				ALWAYS_EMBED_SWIFT_STANDARD_LIBRARIES = YES;
				CODE_SIGN_STYLE = Automatic;
				INFOPLIST_FILE = raou_diningUITests/Info.plist;
				LD_RUNPATH_SEARCH_PATHS = (
					"$(inherited)",
					"@executable_path/Frameworks",
					"@loader_path/Frameworks",
				);
				PRODUCT_BUNDLE_IDENTIFIER = "raou-team.raou-diningUITests";
				PRODUCT_NAME = "$(TARGET_NAME)";
				SWIFT_VERSION = 5.0;
				TARGETED_DEVICE_FAMILY = "1,2";
				TEST_TARGET_NAME = raou_dining;
			};
			name = Release;
		};
/* End XCBuildConfiguration section */

/* Begin XCConfigurationList section */
		6F37335D2258B42400FCF260 /* Build configuration list for PBXProject "raou_dining" */ = {
			isa = XCConfigurationList;
			buildConfigurations = (
				6F3733882258B42600FCF260 /* Debug */,
				6F3733892258B42600FCF260 /* Release */,
			);
			defaultConfigurationIsVisible = 0;
			defaultConfigurationName = Release;
		};
		6F37338A2258B42600FCF260 /* Build configuration list for PBXNativeTarget "raou_dining" */ = {
			isa = XCConfigurationList;
			buildConfigurations = (
				6F37338B2258B42600FCF260 /* Debug */,
				6F37338C2258B42600FCF260 /* Release */,
			);
			defaultConfigurationIsVisible = 0;
			defaultConfigurationName = Release;
		};
		6F37338D2258B42600FCF260 /* Build configuration list for PBXNativeTarget "raou_diningTests" */ = {
			isa = XCConfigurationList;
			buildConfigurations = (
				6F37338E2258B42600FCF260 /* Debug */,
				6F37338F2258B42600FCF260 /* Release */,
			);
			defaultConfigurationIsVisible = 0;
			defaultConfigurationName = Release;
		};
		6F3733902258B42600FCF260 /* Build configuration list for PBXNativeTarget "raou_diningUITests" */ = {
			isa = XCConfigurationList;
			buildConfigurations = (
				6F3733912258B42600FCF260 /* Debug */,
				6F3733922258B42600FCF260 /* Release */,
			);
			defaultConfigurationIsVisible = 0;
			defaultConfigurationName = Release;
		};
/* End XCConfigurationList section */
	};
	rootObject = 6F37335A2258B42400FCF260 /* Project object */;
}
